
Microsoft Visual Studio Solution File, Format Version 12.00
# Visual Studio 15
VisualStudioVersion = 15.0.27703.2026
MinimumVisualStudioVersion = 10.0.40219.1
Project("{FAE04EC0-301F-11D3-BF4B-00C04F79EFBC}") = "ServiceBusDuplicateMessageSender", "ServiceBusDuplicateMessageSender\ServiceBusDuplicateMessageSender.csproj", "{E2EE3889-C245-4B09-92A8-846DFEF76A01}"
EndProject
Project("{FAE04EC0-301F-11D3-BF4B-00C04F79EFBC}") = "ServiceBusMessageReceiver", "ServiceBusMessageReceiver\ServiceBusMessageReceiver.csproj", "{47572EA7-A6F8-4AB2-A3F5-6A81FEB79D6A}"
EndProject
Global
	GlobalSection(SolutionConfigurationPlatforms) = preSolution
		Debug|Any CPU = Debug|Any CPU
		Release|Any CPU = Release|Any CPU
	EndGlobalSection
	GlobalSection(ProjectConfigurationPlatforms) = postSolution
		{E2EE3889-C245-4B09-92A8-846DFEF76A01}.Debug|Any CPU.ActiveCfg = Debug|Any CPU
		{E2EE3889-C245-4B09-92A8-846DFEF76A01}.Debug|Any CPU.Build.0 = Debug|Any CPU
		{E2EE3889-C245-4B09-92A8-846DFEF76A01}.Release|Any CPU.ActiveCfg = Release|Any CPU
		{E2EE3889-C245-4B09-92A8-846DFEF76A01}.Release|Any CPU.Build.0 = Release|Any CPU
		{47572EA7-A6F8-4AB2-A3F5-6A81FEB79D6A}.Debug|Any CPU.ActiveCfg = Debug|Any CPU
		{47572EA7-A6F8-4AB2-A3F5-6A81FEB79D6A}.Debug|Any CPU.Build.0 = Debug|Any CPU
		{47572EA7-A6F8-4AB2-A3F5-6A81FEB79D6A}.Release|Any CPU.ActiveCfg = Release|Any CPU
		{47572EA7-A6F8-4AB2-A3F5-6A81FEB79D6A}.Release|Any CPU.Build.0 = Release|Any CPU
	EndGlobalSection
	GlobalSection(SolutionProperties) = preSolution
		HideSolutionNode = FALSE
	EndGlobalSection
	GlobalSection(ExtensibilityGlobals) = postSolution
		SolutionGuid = {B5D34AF4-D2BC-40DC-929E-69EEC832A4C5}
	EndGlobalSection
EndGlobal
